
Microsoft Visual Studio Solution File, Format Version 12.00
# Visual Studio Version 17
VisualStudioVersion = 17.12.35527.113 d17.12
MinimumVisualStudioVersion = 10.0.40219.1
Project("{2150E333-8FDC-42A3-9474-1A3956D46DE8}") = "Task0", "Task0", "{7F02531A-0565-40C6-8A65-F4B1CA42F80C}"
EndProject
Project("{FAE04EC0-301F-11D3-BF4B-00C04F79EFBC}") = "Tyuiu.MarkovSE.Sprint2.Task0.V3", "Tyuiu.MarkovSE.Sprint2.Task0.V3\Tyuiu.MarkovSE.Sprint2.Task0.V3.csproj", "{7A29CAD3-0C97-4BBC-977D-02A10FD4F793}"
EndProject
Project("{FAE04EC0-301F-11D3-BF4B-00C04F79EFBC}") = "Tyuiu.MarkovSE.Sprint2.Task0.V3.Lib", "Tyuiu.MarkovSE.Sprint2.Task0.V3.Lib\Tyuiu.MarkovSE.Sprint2.Task0.V3.Lib.csproj", "{B13C5745-5DCE-4390-91F8-ECDC0B47DE19}"
EndProject
Project("{FAE04EC0-301F-11D3-BF4B-00C04F79EFBC}") = "Tyuiu.MarkovSE.Sprint2.Task0.V3.Test", "Tyuiu.MarkovSE.Sprint2.Task0.V3.Test\Tyuiu.MarkovSE.Sprint2.Task0.V3.Test.csproj", "{90B7FEEE-1B88-434A-B92E-9B6E46DD0117}"
EndProject
Project("{2150E333-8FDC-42A3-9474-1A3956D46DE8}") = "Task1", "Task1", "{2E148A2C-DFBD-468A-AE75-6CA908ACA964}"
EndProject
Project("{FAE04EC0-301F-11D3-BF4B-00C04F79EFBC}") = "Tyuiu.MarkovSE.Sprint2.Task1.V1", "Tyuiu.MarkovSE.Sprint2.Task1.V1\Tyuiu.MarkovSE.Sprint2.Task1.V1.csproj", "{5361307B-D782-4D66-A2A4-D5FCF4E14F6B}"
EndProject
Project("{FAE04EC0-301F-11D3-BF4B-00C04F79EFBC}") = "Tyuiu.MarkovSE.Sprint2.Task1.V1.Lib", "Tyuiu.MarkovSE.Sprint2.Task1.V1.Lib\Tyuiu.MarkovSE.Sprint2.Task1.V1.Lib.csproj", "{5F87A722-4335-4B05-99F3-D1943EE33619}"
EndProject
Project("{FAE04EC0-301F-11D3-BF4B-00C04F79EFBC}") = "Tyuiu.MarkovSE.Sprint2.Task1.V1.Test", "Tyuiu.MarkovSE.Sprint2.Task1.V1.Test\Tyuiu.MarkovSE.Sprint2.Task1.V1.Test.csproj", "{10CFF08F-4A8F-4F4E-B6FA-8A0209908552}"
EndProject
Project("{2150E333-8FDC-42A3-9474-1A3956D46DE8}") = "Task2", "Task2", "{C6640000-709C-42F3-B718-6E2B267BEFE8}"
EndProject
Project("{FAE04EC0-301F-11D3-BF4B-00C04F79EFBC}") = "Tyuiu.MarkovSE.Sprint2.Task2.V30", "Tyuiu.MarkovSE.Sprint2.Task2.V30\Tyuiu.MarkovSE.Sprint2.Task2.V30.csproj", "{1C3BA3C6-3C37-4D3A-940B-9B967C16E8DC}"
EndProject
Project("{FAE04EC0-301F-11D3-BF4B-00C04F79EFBC}") = "Tyuiu.MarkovSE.Sprint2.Task2.V30.Lib", "Tyuiu.MarkovSE.Sprint2.Task2.V30.Lib\Tyuiu.MarkovSE.Sprint2.Task2.V30.Lib.csproj", "{34C137AA-5D0A-4D1E-9C4B-9F5B70568091}"
EndProject
Project("{FAE04EC0-301F-11D3-BF4B-00C04F79EFBC}") = "Tyuiu.MarkovSE.Sprint2.Task2.V30.Test", "Tyuiu.MarkovSE.Sprint2.Task2.V30.Test\Tyuiu.MarkovSE.Sprint2.Task2.V30.Test.csproj", "{6A5F0F9B-08AA-4575-995A-34D0688EBE96}"
EndProject
Project("{2150E333-8FDC-42A3-9474-1A3956D46DE8}") = "Task3", "Task3", "{F68B2B19-FEB0-4D58-9E4D-289DD3B10ED6}"
EndProject
Project("{FAE04EC0-301F-11D3-BF4B-00C04F79EFBC}") = "Tyuiu.MarkovSE.Sprint2.Task3.V16", "Tyuiu.MarkovSE.Sprint2.Task3.V16\Tyuiu.MarkovSE.Sprint2.Task3.V16.csproj", "{8270D19E-DD4C-4823-970C-C6F5C8845F40}"
EndProject
Project("{FAE04EC0-301F-11D3-BF4B-00C04F79EFBC}") = "Tyuiu.MarkovSE.Sprint2.Task3.V16.Lib", "Tyuiu.MarkovSE.Sprint2.Task3.V16.Lib\Tyuiu.MarkovSE.Sprint2.Task3.V16.Lib.csproj", "{9037A4DD-B192-4549-8DF7-547807873DE2}"
EndProject
Project("{FAE04EC0-301F-11D3-BF4B-00C04F79EFBC}") = "Tyuiu.MarkovSE.Sprint2.Task3.V16.Test", "Tyuiu.MarkovSE.Sprint2.Task3.V16.Test\Tyuiu.MarkovSE.Sprint2.Task3.V16.Test.csproj", "{C575A795-CD68-414F-9DB9-2EC996CA6541}"
EndProject
Project("{2150E333-8FDC-42A3-9474-1A3956D46DE8}") = "Task4", "Task4", "{CCF6F49D-9464-4680-9B3D-14786804E22D}"
EndProject
Project("{FAE04EC0-301F-11D3-BF4B-00C04F79EFBC}") = "Tyuiu.MarkovSE.Sprint2.Task4.V20", "Tyuiu.MarkovSE.Sprint2.Task4.V20\Tyuiu.MarkovSE.Sprint2.Task4.V20.csproj", "{8BC2F8F0-646D-4B04-A201-CEDBEAD352DE}"
EndProject
Project("{FAE04EC0-301F-11D3-BF4B-00C04F79EFBC}") = "Tyuiu.MarkovSE.Sprint2.Task4.V20.Lib", "Tyuiu.MarkovSE.Sprint2.Task4.V20.Lib\Tyuiu.MarkovSE.Sprint2.Task4.V20.Lib.csproj", "{CFD484CD-7A73-445F-86A0-021A3917224D}"
EndProject
Project("{FAE04EC0-301F-11D3-BF4B-00C04F79EFBC}") = "Tyuiu.MarkovSE.Sprint2.Task4.V20.Test", "Tyuiu.MarkovSE.Sprint2.Task4.V20.Test\Tyuiu.MarkovSE.Sprint2.Task4.V20.Test.csproj", "{6244C97F-BB36-4416-809B-3B555A576191}"
EndProject
Project("{2150E333-8FDC-42A3-9474-1A3956D46DE8}") = "Task5", "Task5", "{8EB9CEE6-3758-40EB-943D-4AEF674BA199}"
EndProject
Project("{FAE04EC0-301F-11D3-BF4B-00C04F79EFBC}") = "Tyuiu.MarkovSE.Sprint2.Task5.V7", "Tyuiu.MarkovSE.Sprint2.Task5.V7\Tyuiu.MarkovSE.Sprint2.Task5.V7.csproj", "{7F861979-EF2B-49AA-A3DB-342337E30D18}"
EndProject
Project("{FAE04EC0-301F-11D3-BF4B-00C04F79EFBC}") = "Tyuiu.MarkovSE.Sprint2.Task5.V7.Lib", "Tyuiu.MarkovSE.Sprint2.Task5.V7.Lib\Tyuiu.MarkovSE.Sprint2.Task5.V7.Lib.csproj", "{0A0AA773-3D38-47D6-B775-EF05D569F445}"
EndProject
Project("{FAE04EC0-301F-11D3-BF4B-00C04F79EFBC}") = "Tyuiu.MarkovSE.Sprint2.Task5.V7.Test", "Tyuiu.MarkovSE.Sprint2.Task5.V7.Test\Tyuiu.MarkovSE.Sprint2.Task5.V7.Test.csproj", "{44B12A74-F77D-4E6A-83BB-48354364B816}"
EndProject
Project("{2150E333-8FDC-42A3-9474-1A3956D46DE8}") = "Task6", "Task6", "{B37504BD-AEED-4AAD-B24B-C79EF1641130}"
EndProject
Project("{FAE04EC0-301F-11D3-BF4B-00C04F79EFBC}") = "Tyuiu.MarkovSE.Sprint2.Task6.V12", "Tyuiu.MarkovSE.Sprint2.Task6.V12\Tyuiu.MarkovSE.Sprint2.Task6.V12.csproj", "{3C874B4C-7B44-4E4F-8F46-068CF630693C}"
EndProject
Project("{FAE04EC0-301F-11D3-BF4B-00C04F79EFBC}") = "Tyuiu.MarkovSE.Sprint2.Task6.V12.Lib", "Tyuiu.MarkovSE.Sprint2.Task6.V12.Lib\Tyuiu.MarkovSE.Sprint2.Task6.V12.Lib.csproj", "{3951D61C-1E0E-4C19-848A-896382895079}"
EndProject
Project("{FAE04EC0-301F-11D3-BF4B-00C04F79EFBC}") = "Tyuiu.MarkovSE.Sprint2.Task6.V12.Test", "Tyuiu.MarkovSE.Sprint2.Task6.V12.Test\Tyuiu.MarkovSE.Sprint2.Task6.V12.Test.csproj", "{A887F6DF-FA17-4EF7-956E-9017841CCAFD}"
EndProject
Project("{2150E333-8FDC-42A3-9474-1A3956D46DE8}") = "Task7", "Task7", "{04CBC828-A0A1-4896-AF9F-E4870F290F70}"
EndProject
Project("{FAE04EC0-301F-11D3-BF4B-00C04F79EFBC}") = "Tyuiu.MarkovSE.Sprint2.Task7.V11", "Tyuiu.MarkovSE.Sprint2.Task7.V11\Tyuiu.MarkovSE.Sprint2.Task7.V11.csproj", "{FF5835EE-F2C3-4499-818B-FFD068ECC829}"
EndProject
Project("{FAE04EC0-301F-11D3-BF4B-00C04F79EFBC}") = "Tyuiu.MarkovSE.Sprint2.Task7.V11.Lib", "Tyuiu.MarkovSE.Sprint2.Task7.V11.Lib\Tyuiu.MarkovSE.Sprint2.Task7.V11.Lib.csproj", "{382985D3-22EB-435C-ADD6-4796E8BF3596}"
EndProject
Project("{FAE04EC0-301F-11D3-BF4B-00C04F79EFBC}") = "Tyuiu.MarkovSE.Sprint2.Task7.V11.Test", "Tyuiu.MarkovSE.Sprint2.Task7.V11.Test\Tyuiu.MarkovSE.Sprint2.Task7.V11.Test.csproj", "{7D724D4E-CF44-4C82-B148-B902580496B3}"
EndProject
Global
	GlobalSection(SolutionConfigurationPlatforms) = preSolution
		Debug|Any CPU = Debug|Any CPU
		Release|Any CPU = Release|Any CPU
	EndGlobalSection
	GlobalSection(ProjectConfigurationPlatforms) = postSolution
		{7A29CAD3-0C97-4BBC-977D-02A10FD4F793}.Debug|Any CPU.ActiveCfg = Debug|Any CPU
		{7A29CAD3-0C97-4BBC-977D-02A10FD4F793}.Debug|Any CPU.Build.0 = Debug|Any CPU
		{7A29CAD3-0C97-4BBC-977D-02A10FD4F793}.Release|Any CPU.ActiveCfg = Release|Any CPU
		{7A29CAD3-0C97-4BBC-977D-02A10FD4F793}.Release|Any CPU.Build.0 = Release|Any CPU
		{B13C5745-5DCE-4390-91F8-ECDC0B47DE19}.Debug|Any CPU.ActiveCfg = Debug|Any CPU
		{B13C5745-5DCE-4390-91F8-ECDC0B47DE19}.Debug|Any CPU.Build.0 = Debug|Any CPU
		{B13C5745-5DCE-4390-91F8-ECDC0B47DE19}.Release|Any CPU.ActiveCfg = Release|Any CPU
		{B13C5745-5DCE-4390-91F8-ECDC0B47DE19}.Release|Any CPU.Build.0 = Release|Any CPU
		{90B7FEEE-1B88-434A-B92E-9B6E46DD0117}.Debug|Any CPU.ActiveCfg = Debug|Any CPU
		{90B7FEEE-1B88-434A-B92E-9B6E46DD0117}.Debug|Any CPU.Build.0 = Debug|Any CPU
		{90B7FEEE-1B88-434A-B92E-9B6E46DD0117}.Release|Any CPU.ActiveCfg = Release|Any CPU
		{90B7FEEE-1B88-434A-B92E-9B6E46DD0117}.Release|Any CPU.Build.0 = Release|Any CPU
		{5361307B-D782-4D66-A2A4-D5FCF4E14F6B}.Debug|Any CPU.ActiveCfg = Debug|Any CPU
		{5361307B-D782-4D66-A2A4-D5FCF4E14F6B}.Debug|Any CPU.Build.0 = Debug|Any CPU
		{5361307B-D782-4D66-A2A4-D5FCF4E14F6B}.Release|Any CPU.ActiveCfg = Release|Any CPU
		{5361307B-D782-4D66-A2A4-D5FCF4E14F6B}.Release|Any CPU.Build.0 = Release|Any CPU
		{5F87A722-4335-4B05-99F3-D1943EE33619}.Debug|Any CPU.ActiveCfg = Debug|Any CPU
		{5F87A722-4335-4B05-99F3-D1943EE33619}.Debug|Any CPU.Build.0 = Debug|Any CPU
		{5F87A722-4335-4B05-99F3-D1943EE33619}.Release|Any CPU.ActiveCfg = Release|Any CPU
		{5F87A722-4335-4B05-99F3-D1943EE33619}.Release|Any CPU.Build.0 = Release|Any CPU
		{10CFF08F-4A8F-4F4E-B6FA-8A0209908552}.Debug|Any CPU.ActiveCfg = Debug|Any CPU
		{10CFF08F-4A8F-4F4E-B6FA-8A0209908552}.Debug|Any CPU.Build.0 = Debug|Any CPU
		{10CFF08F-4A8F-4F4E-B6FA-8A0209908552}.Release|Any CPU.ActiveCfg = Release|Any CPU
		{10CFF08F-4A8F-4F4E-B6FA-8A0209908552}.Release|Any CPU.Build.0 = Release|Any CPU
		{1C3BA3C6-3C37-4D3A-940B-9B967C16E8DC}.Debug|Any CPU.ActiveCfg = Debug|Any CPU
		{1C3BA3C6-3C37-4D3A-940B-9B967C16E8DC}.Debug|Any CPU.Build.0 = Debug|Any CPU
		{1C3BA3C6-3C37-4D3A-940B-9B967C16E8DC}.Release|Any CPU.ActiveCfg = Release|Any CPU
		{1C3BA3C6-3C37-4D3A-940B-9B967C16E8DC}.Release|Any CPU.Build.0 = Release|Any CPU
		{34C137AA-5D0A-4D1E-9C4B-9F5B70568091}.Debug|Any CPU.ActiveCfg = Debug|Any CPU
		{34C137AA-5D0A-4D1E-9C4B-9F5B70568091}.Debug|Any CPU.Build.0 = Debug|Any CPU
		{34C137AA-5D0A-4D1E-9C4B-9F5B70568091}.Release|Any CPU.ActiveCfg = Release|Any CPU
		{34C137AA-5D0A-4D1E-9C4B-9F5B70568091}.Release|Any CPU.Build.0 = Release|Any CPU
		{6A5F0F9B-08AA-4575-995A-34D0688EBE96}.Debug|Any CPU.ActiveCfg = Debug|Any CPU
		{6A5F0F9B-08AA-4575-995A-34D0688EBE96}.Debug|Any CPU.Build.0 = Debug|Any CPU
		{6A5F0F9B-08AA-4575-995A-34D0688EBE96}.Release|Any CPU.ActiveCfg = Release|Any CPU
		{6A5F0F9B-08AA-4575-995A-34D0688EBE96}.Release|Any CPU.Build.0 = Release|Any CPU
		{8270D19E-DD4C-4823-970C-C6F5C8845F40}.Debug|Any CPU.ActiveCfg = Debug|Any CPU
		{8270D19E-DD4C-4823-970C-C6F5C8845F40}.Debug|Any CPU.Build.0 = Debug|Any CPU
		{8270D19E-DD4C-4823-970C-C6F5C8845F40}.Release|Any CPU.ActiveCfg = Release|Any CPU
		{8270D19E-DD4C-4823-970C-C6F5C8845F40}.Release|Any CPU.Build.0 = Release|Any CPU
		{9037A4DD-B192-4549-8DF7-547807873DE2}.Debug|Any CPU.ActiveCfg = Debug|Any CPU
		{9037A4DD-B192-4549-8DF7-547807873DE2}.Debug|Any CPU.Build.0 = Debug|Any CPU
		{9037A4DD-B192-4549-8DF7-547807873DE2}.Release|Any CPU.ActiveCfg = Release|Any CPU
		{9037A4DD-B192-4549-8DF7-547807873DE2}.Release|Any CPU.Build.0 = Release|Any CPU
		{C575A795-CD68-414F-9DB9-2EC996CA6541}.Debug|Any CPU.ActiveCfg = Debug|Any CPU
		{C575A795-CD68-414F-9DB9-2EC996CA6541}.Debug|Any CPU.Build.0 = Debug|Any CPU
		{C575A795-CD68-414F-9DB9-2EC996CA6541}.Release|Any CPU.ActiveCfg = Release|Any CPU
		{C575A795-CD68-414F-9DB9-2EC996CA6541}.Release|Any CPU.Build.0 = Release|Any CPU
		{8BC2F8F0-646D-4B04-A201-CEDBEAD352DE}.Debug|Any CPU.ActiveCfg = Debug|Any CPU
		{8BC2F8F0-646D-4B04-A201-CEDBEAD352DE}.Debug|Any CPU.Build.0 = Debug|Any CPU
		{8BC2F8F0-646D-4B04-A201-CEDBEAD352DE}.Release|Any CPU.ActiveCfg = Release|Any CPU
		{8BC2F8F0-646D-4B04-A201-CEDBEAD352DE}.Release|Any CPU.Build.0 = Release|Any CPU
		{CFD484CD-7A73-445F-86A0-021A3917224D}.Debug|Any CPU.ActiveCfg = Debug|Any CPU
		{CFD484CD-7A73-445F-86A0-021A3917224D}.Debug|Any CPU.Build.0 = Debug|Any CPU
		{CFD484CD-7A73-445F-86A0-021A3917224D}.Release|Any CPU.ActiveCfg = Release|Any CPU
		{CFD484CD-7A73-445F-86A0-021A3917224D}.Release|Any CPU.Build.0 = Release|Any CPU
		{6244C97F-BB36-4416-809B-3B555A576191}.Debug|Any CPU.ActiveCfg = Debug|Any CPU
		{6244C97F-BB36-4416-809B-3B555A576191}.Debug|Any CPU.Build.0 = Debug|Any CPU
		{6244C97F-BB36-4416-809B-3B555A576191}.Release|Any CPU.ActiveCfg = Release|Any CPU
		{6244C97F-BB36-4416-809B-3B555A576191}.Release|Any CPU.Build.0 = Release|Any CPU
		{7F861979-EF2B-49AA-A3DB-342337E30D18}.Debug|Any CPU.ActiveCfg = Debug|Any CPU
		{7F861979-EF2B-49AA-A3DB-342337E30D18}.Debug|Any CPU.Build.0 = Debug|Any CPU
		{7F861979-EF2B-49AA-A3DB-342337E30D18}.Release|Any CPU.ActiveCfg = Release|Any CPU
		{7F861979-EF2B-49AA-A3DB-342337E30D18}.Release|Any CPU.Build.0 = Release|Any CPU
		{0A0AA773-3D38-47D6-B775-EF05D569F445}.Debug|Any CPU.ActiveCfg = Debug|Any CPU
		{0A0AA773-3D38-47D6-B775-EF05D569F445}.Debug|Any CPU.Build.0 = Debug|Any CPU
		{0A0AA773-3D38-47D6-B775-EF05D569F445}.Release|Any CPU.ActiveCfg = Release|Any CPU
		{0A0AA773-3D38-47D6-B775-EF05D569F445}.Release|Any CPU.Build.0 = Release|Any CPU
		{44B12A74-F77D-4E6A-83BB-48354364B816}.Debug|Any CPU.ActiveCfg = Debug|Any CPU
		{44B12A74-F77D-4E6A-83BB-48354364B816}.Debug|Any CPU.Build.0 = Debug|Any CPU
		{44B12A74-F77D-4E6A-83BB-48354364B816}.Release|Any CPU.ActiveCfg = Release|Any CPU
		{44B12A74-F77D-4E6A-83BB-48354364B816}.Release|Any CPU.Build.0 = Release|Any CPU
		{3C874B4C-7B44-4E4F-8F46-068CF630693C}.Debug|Any CPU.ActiveCfg = Debug|Any CPU
		{3C874B4C-7B44-4E4F-8F46-068CF630693C}.Debug|Any CPU.Build.0 = Debug|Any CPU
		{3C874B4C-7B44-4E4F-8F46-068CF630693C}.Release|Any CPU.ActiveCfg = Release|Any CPU
		{3C874B4C-7B44-4E4F-8F46-068CF630693C}.Release|Any CPU.Build.0 = Release|Any CPU
		{3951D61C-1E0E-4C19-848A-896382895079}.Debug|Any CPU.ActiveCfg = Debug|Any CPU
		{3951D61C-1E0E-4C19-848A-896382895079}.Debug|Any CPU.Build.0 = Debug|Any CPU
		{3951D61C-1E0E-4C19-848A-896382895079}.Release|Any CPU.ActiveCfg = Release|Any CPU
		{3951D61C-1E0E-4C19-848A-896382895079}.Release|Any CPU.Build.0 = Release|Any CPU
		{A887F6DF-FA17-4EF7-956E-9017841CCAFD}.Debug|Any CPU.ActiveCfg = Debug|Any CPU
		{A887F6DF-FA17-4EF7-956E-9017841CCAFD}.Debug|Any CPU.Build.0 = Debug|Any CPU
		{A887F6DF-FA17-4EF7-956E-9017841CCAFD}.Release|Any CPU.ActiveCfg = Release|Any CPU
		{A887F6DF-FA17-4EF7-956E-9017841CCAFD}.Release|Any CPU.Build.0 = Release|Any CPU
		{FF5835EE-F2C3-4499-818B-FFD068ECC829}.Debug|Any CPU.ActiveCfg = Debug|Any CPU
		{FF5835EE-F2C3-4499-818B-FFD068ECC829}.Debug|Any CPU.Build.0 = Debug|Any CPU
		{FF5835EE-F2C3-4499-818B-FFD068ECC829}.Release|Any CPU.ActiveCfg = Release|Any CPU
		{FF5835EE-F2C3-4499-818B-FFD068ECC829}.Release|Any CPU.Build.0 = Release|Any CPU
		{382985D3-22EB-435C-ADD6-4796E8BF3596}.Debug|Any CPU.ActiveCfg = Debug|Any CPU
		{382985D3-22EB-435C-ADD6-4796E8BF3596}.Debug|Any CPU.Build.0 = Debug|Any CPU
		{382985D3-22EB-435C-ADD6-4796E8BF3596}.Release|Any CPU.ActiveCfg = Release|Any CPU
		{382985D3-22EB-435C-ADD6-4796E8BF3596}.Release|Any CPU.Build.0 = Release|Any CPU
		{7D724D4E-CF44-4C82-B148-B902580496B3}.Debug|Any CPU.ActiveCfg = Debug|Any CPU
		{7D724D4E-CF44-4C82-B148-B902580496B3}.Debug|Any CPU.Build.0 = Debug|Any CPU
		{7D724D4E-CF44-4C82-B148-B902580496B3}.Release|Any CPU.ActiveCfg = Release|Any CPU
		{7D724D4E-CF44-4C82-B148-B902580496B3}.Release|Any CPU.Build.0 = Release|Any CPU
	EndGlobalSection
	GlobalSection(SolutionProperties) = preSolution
		HideSolutionNode = FALSE
	EndGlobalSection
	GlobalSection(NestedProjects) = preSolution
		{7A29CAD3-0C97-4BBC-977D-02A10FD4F793} = {7F02531A-0565-40C6-8A65-F4B1CA42F80C}
		{B13C5745-5DCE-4390-91F8-ECDC0B47DE19} = {7F02531A-0565-40C6-8A65-F4B1CA42F80C}
		{90B7FEEE-1B88-434A-B92E-9B6E46DD0117} = {7F02531A-0565-40C6-8A65-F4B1CA42F80C}
		{5361307B-D782-4D66-A2A4-D5FCF4E14F6B} = {2E148A2C-DFBD-468A-AE75-6CA908ACA964}
		{5F87A722-4335-4B05-99F3-D1943EE33619} = {2E148A2C-DFBD-468A-AE75-6CA908ACA964}
		{10CFF08F-4A8F-4F4E-B6FA-8A0209908552} = {2E148A2C-DFBD-468A-AE75-6CA908ACA964}
		{1C3BA3C6-3C37-4D3A-940B-9B967C16E8DC} = {C6640000-709C-42F3-B718-6E2B267BEFE8}
		{34C137AA-5D0A-4D1E-9C4B-9F5B70568091} = {C6640000-709C-42F3-B718-6E2B267BEFE8}
		{6A5F0F9B-08AA-4575-995A-34D0688EBE96} = {C6640000-709C-42F3-B718-6E2B267BEFE8}
		{8270D19E-DD4C-4823-970C-C6F5C8845F40} = {F68B2B19-FEB0-4D58-9E4D-289DD3B10ED6}
		{9037A4DD-B192-4549-8DF7-547807873DE2} = {F68B2B19-FEB0-4D58-9E4D-289DD3B10ED6}
		{C575A795-CD68-414F-9DB9-2EC996CA6541} = {F68B2B19-FEB0-4D58-9E4D-289DD3B10ED6}
		{8BC2F8F0-646D-4B04-A201-CEDBEAD352DE} = {CCF6F49D-9464-4680-9B3D-14786804E22D}
		{CFD484CD-7A73-445F-86A0-021A3917224D} = {CCF6F49D-9464-4680-9B3D-14786804E22D}
		{6244C97F-BB36-4416-809B-3B555A576191} = {CCF6F49D-9464-4680-9B3D-14786804E22D}
		{7F861979-EF2B-49AA-A3DB-342337E30D18} = {8EB9CEE6-3758-40EB-943D-4AEF674BA199}
		{0A0AA773-3D38-47D6-B775-EF05D569F445} = {8EB9CEE6-3758-40EB-943D-4AEF674BA199}
		{44B12A74-F77D-4E6A-83BB-48354364B816} = {8EB9CEE6-3758-40EB-943D-4AEF674BA199}
		{3C874B4C-7B44-4E4F-8F46-068CF630693C} = {B37504BD-AEED-4AAD-B24B-C79EF1641130}
		{3951D61C-1E0E-4C19-848A-896382895079} = {B37504BD-AEED-4AAD-B24B-C79EF1641130}
		{A887F6DF-FA17-4EF7-956E-9017841CCAFD} = {B37504BD-AEED-4AAD-B24B-C79EF1641130}
		{FF5835EE-F2C3-4499-818B-FFD068ECC829} = {04CBC828-A0A1-4896-AF9F-E4870F290F70}
		{382985D3-22EB-435C-ADD6-4796E8BF3596} = {04CBC828-A0A1-4896-AF9F-E4870F290F70}
		{7D724D4E-CF44-4C82-B148-B902580496B3} = {04CBC828-A0A1-4896-AF9F-E4870F290F70}
	EndGlobalSection
EndGlobal
